
Microsoft Visual Studio Solution File, Format Version 12.00
# Visual Studio Version 16
VisualStudioVersion = 16.0.31019.35
MinimumVisualStudioVersion = 10.0.40219.1
Project("{FAE04EC0-301F-11D3-BF4B-00C04F79EFBC}") = "TarefaMvc", "TarefaMvc\TarefaMvc.csproj", "{EF40FDB7-B1FE-4BE0-869F-B5E9D40CB1E8}"
EndProject
Global
	GlobalSection(SolutionConfigurationPlatforms) = preSolution
		Debug|Any CPU = Debug|Any CPU
		Release|Any CPU = Release|Any CPU
	EndGlobalSection
	GlobalSection(ProjectConfigurationPlatforms) = postSolution
		{EF40FDB7-B1FE-4BE0-869F-B5E9D40CB1E8}.Debug|Any CPU.ActiveCfg = Debug|Any CPU
		{EF40FDB7-B1FE-4BE0-869F-B5E9D40CB1E8}.Debug|Any CPU.Build.0 = Debug|Any CPU
		{EF40FDB7-B1FE-4BE0-869F-B5E9D40CB1E8}.Release|Any CPU.ActiveCfg = Release|Any CPU
		{EF40FDB7-B1FE-4BE0-869F-B5E9D40CB1E8}.Release|Any CPU.Build.0 = Release|Any CPU
	EndGlobalSection
	GlobalSection(SolutionProperties) = preSolution
		HideSolutionNode = FALSE
	EndGlobalSection
	GlobalSection(ExtensibilityGlobals) = postSolution
		SolutionGuid = {876CEDAE-F034-4588-B16E-3044161CA1F8}
	EndGlobalSection
EndGlobal
